
Microsoft Visual Studio Solution File, Format Version 12.00
# Visual Studio Version 17
VisualStudioVersion = 17.1.32210.238
MinimumVisualStudioVersion = 10.0.40219.1
Project("{9A19103F-16F7-4668-BE54-9A1E7A4F7556}") = "LernToString", "Estudando\LernToString.csproj", "{60892472-F80D-498E-ACE9-C9B65FE54181}"
EndProject
Global
	GlobalSection(SolutionConfigurationPlatforms) = preSolution
		Debug|Any CPU = Debug|Any CPU
		Release|Any CPU = Release|Any CPU
	EndGlobalSection
	GlobalSection(ProjectConfigurationPlatforms) = postSolution
		{60892472-F80D-498E-ACE9-C9B65FE54181}.Debug|Any CPU.ActiveCfg = Debug|Any CPU
		{60892472-F80D-498E-ACE9-C9B65FE54181}.Debug|Any CPU.Build.0 = Debug|Any CPU
		{60892472-F80D-498E-ACE9-C9B65FE54181}.Release|Any CPU.ActiveCfg = Release|Any CPU
		{60892472-F80D-498E-ACE9-C9B65FE54181}.Release|Any CPU.Build.0 = Release|Any CPU
	EndGlobalSection
	GlobalSection(SolutionProperties) = preSolution
		HideSolutionNode = FALSE
	EndGlobalSection
	GlobalSection(ExtensibilityGlobals) = postSolution
		SolutionGuid = {EA802601-F255-4F70-826A-70BF04406865}
	EndGlobalSection
EndGlobal
